
Microsoft Visual Studio Solution File, Format Version 12.00
# Visual Studio Version 16
VisualStudioVersion = 16.0.31321.278
MinimumVisualStudioVersion = 10.0.40219.1
Project("{8BC9CEB8-8B4A-11D0-8D11-00A0C91BC942}") = "Echo", "Echo.vcxproj", "{C24298BF-1B47-4010-B4A9-5F223B9F1652}"
	ProjectSection(ProjectDependencies) = postProject
		{2F1C9907-C41A-4F18-B544-3212F27FAA75} = {2F1C9907-C41A-4F18-B544-3212F27FAA75}
		{A92D1C1D-D1F1-409A-8D8B-C23910730BFF} = {A92D1C1D-D1F1-409A-8D8B-C23910730BFF}
	EndProjectSection
EndProject
Project("{8BC9CEB8-8B4A-11D0-8D11-00A0C91BC942}") = "Acoustic Modeler", "..\Acoustic Modeler\Acoustic Modeler.vcxproj", "{A92D1C1D-D1F1-409A-8D8B-C23910730BFF}"
EndProject
Project("{8BC9CEB8-8B4A-11D0-8D11-00A0C91BC942}") = "Reverb Baker", "..\Reverb Baker\Reverb Baker.vcxproj", "{2F1C9907-C41A-4F18-B544-3212F27FAA75}"
	ProjectSection(ProjectDependencies) = postProject
		{A92D1C1D-D1F1-409A-8D8B-C23910730BFF} = {A92D1C1D-D1F1-409A-8D8B-C23910730BFF}
	EndProjectSection
EndProject
Project("{8BC9CEB8-8B4A-11D0-8D11-00A0C91BC942}") = "AcousticModel-Tests", "..\AcousticModel-Tests\AcousticModel-Tests.vcxproj", "{9174FF45-AC66-4050-9210-603D3BEB7A48}"
EndProject
Project("{8BC9CEB8-8B4A-11D0-8D11-00A0C91BC942}") = "TestDLL", "..\TestDLL\TestDLL.vcxproj", "{31F3F2A4-52EB-40F4-8912-F580B12FC3B9}"
EndProject
Global
	GlobalSection(SolutionConfigurationPlatforms) = preSolution
		Debug|x64 = Debug|x64
		Debug|x86 = Debug|x86
		Release|x64 = Release|x64
		Release|x86 = Release|x86
	EndGlobalSection
	GlobalSection(ProjectConfigurationPlatforms) = postSolution
		{C24298BF-1B47-4010-B4A9-5F223B9F1652}.Debug|x64.ActiveCfg = Debug|x64
		{C24298BF-1B47-4010-B4A9-5F223B9F1652}.Debug|x64.Build.0 = Debug|x64
		{C24298BF-1B47-4010-B4A9-5F223B9F1652}.Debug|x86.ActiveCfg = Debug|x64
		{C24298BF-1B47-4010-B4A9-5F223B9F1652}.Debug|x86.Build.0 = Debug|x64
		{C24298BF-1B47-4010-B4A9-5F223B9F1652}.Release|x64.ActiveCfg = Release|x64
		{C24298BF-1B47-4010-B4A9-5F223B9F1652}.Release|x64.Build.0 = Release|x64
		{C24298BF-1B47-4010-B4A9-5F223B9F1652}.Release|x86.ActiveCfg = Release|Win32
		{C24298BF-1B47-4010-B4A9-5F223B9F1652}.Release|x86.Build.0 = Release|Win32
		{A92D1C1D-D1F1-409A-8D8B-C23910730BFF}.Debug|x64.ActiveCfg = Debug|x64
		{A92D1C1D-D1F1-409A-8D8B-C23910730BFF}.Debug|x64.Build.0 = Debug|x64
		{A92D1C1D-D1F1-409A-8D8B-C23910730BFF}.Debug|x86.ActiveCfg = Debug|x64
		{A92D1C1D-D1F1-409A-8D8B-C23910730BFF}.Debug|x86.Build.0 = Debug|x64
		{A92D1C1D-D1F1-409A-8D8B-C23910730BFF}.Release|x64.ActiveCfg = Release|x64
		{A92D1C1D-D1F1-409A-8D8B-C23910730BFF}.Release|x64.Build.0 = Release|x64
		{A92D1C1D-D1F1-409A-8D8B-C23910730BFF}.Release|x86.ActiveCfg = Release|Win32
		{A92D1C1D-D1F1-409A-8D8B-C23910730BFF}.Release|x86.Build.0 = Release|Win32
		{2F1C9907-C41A-4F18-B544-3212F27FAA75}.Debug|x64.ActiveCfg = Debug|x64
		{2F1C9907-C41A-4F18-B544-3212F27FAA75}.Debug|x64.Build.0 = Debug|x64
		{2F1C9907-C41A-4F18-B544-3212F27FAA75}.Debug|x86.ActiveCfg = Debug|x64
		{2F1C9907-C41A-4F18-B544-3212F27FAA75}.Debug|x86.Build.0 = Debug|x64
		{2F1C9907-C41A-4F18-B544-3212F27FAA75}.Release|x64.ActiveCfg = Release|x64
		{2F1C9907-C41A-4F18-B544-3212F27FAA75}.Release|x64.Build.0 = Release|x64
		{2F1C9907-C41A-4F18-B544-3212F27FAA75}.Release|x86.ActiveCfg = Release|Win32
		{2F1C9907-C41A-4F18-B544-3212F27FAA75}.Release|x86.Build.0 = Release|Win32
		{9174FF45-AC66-4050-9210-603D3BEB7A48}.Debug|x64.ActiveCfg = Debug|x64
		{9174FF45-AC66-4050-9210-603D3BEB7A48}.Debug|x64.Build.0 = Debug|x64
		{9174FF45-AC66-4050-9210-603D3BEB7A48}.Debug|x86.ActiveCfg = Debug|x64
		{9174FF45-AC66-4050-9210-603D3BEB7A48}.Debug|x86.Build.0 = Debug|x64
		{9174FF45-AC66-4050-9210-603D3BEB7A48}.Release|x64.ActiveCfg = Release|x64
		{9174FF45-AC66-4050-9210-603D3BEB7A48}.Release|x64.Build.0 = Release|x64
		{9174FF45-AC66-4050-9210-603D3BEB7A48}.Release|x86.ActiveCfg = Release|Win32
		{9174FF45-AC66-4050-9210-603D3BEB7A48}.Release|x86.Build.0 = Release|Win32
		{31F3F2A4-52EB-40F4-8912-F580B12FC3B9}.Debug|x64.ActiveCfg = Debug|x64
		{31F3F2A4-52EB-40F4-8912-F580B12FC3B9}.Debug|x64.Build.0 = Debug|x64
		{31F3F2A4-52EB-40F4-8912-F580B12FC3B9}.Debug|x86.ActiveCfg = Debug|Win32
		{31F3F2A4-52EB-40F4-8912-F580B12FC3B9}.Debug|x86.Build.0 = Debug|Win32
		{31F3F2A4-52EB-40F4-8912-F580B12FC3B9}.Release|x64.ActiveCfg = Release|x64
		{31F3F2A4-52EB-40F4-8912-F580B12FC3B9}.Release|x64.Build.0 = Release|x64
		{31F3F2A4-52EB-40F4-8912-F580B12FC3B9}.Release|x86.ActiveCfg = Release|Win32
		{31F3F2A4-52EB-40F4-8912-F580B12FC3B9}.Release|x86.Build.0 = Release|Win32
	EndGlobalSection
	GlobalSection(SolutionProperties) = preSolution
		HideSolutionNode = FALSE
	EndGlobalSection
	GlobalSection(ExtensibilityGlobals) = postSolution
		SolutionGuid = {9F43A3A8-C995-4E71-A8FA-28475B834A62}
	EndGlobalSection
EndGlobal
